{
  "pins" : [
    {
      "identity" : "dmg-player-ios-sdk",
      "kind" : "remoteSourceControl",
      "location" : "https://github.com/JUKERSTONE/dmg-player-ios-sdk",
      "state" : {
        "branch" : "main",
        "revision" : "e36e9c599d19f737cc9bdec42baa0c42e64dd136"
      }
    }
  ],
  "version" : 2
}
