{
  "pins" : [
    {
      "identity" : "dmg-player-ios-sdk",
      "kind" : "remoteSourceControl",
      "location" : "https://github.com/JUKERSTONE/dmg-player-ios-sdk",
      "state" : {
        "branch" : "main",
        "revision" : "2129b5a4a9b856aa660de840b4f22c7a1008c901"
      }
    }
  ],
  "version" : 2
}
