{
  "pins" : [
    {
      "identity" : "dmg-player-ios-sdk",
      "kind" : "remoteSourceControl",
      "location" : "https://github.com/JUKERSTONE/dmg-player-ios-sdk",
      "state" : {
        "branch" : "main",
        "revision" : "c256a6db25e6fb5eedfb0c3a84a01d0b105bb770"
      }
    }
  ],
  "version" : 2
}
